
Microsoft Visual Studio Solution File, Format Version 12.00
# Visual Studio Version 17
VisualStudioVersion = 17.9.34728.123
MinimumVisualStudioVersion = 10.0.40219.1
Project("{9A19103F-16F7-4668-BE54-9A1E7A4F7556}") = "URLShortener-client", "URLShortener-client.csproj", "{8591168D-5424-43DE-9AF4-1B9C3032DFBD}"
EndProject
Global
	GlobalSection(SolutionConfigurationPlatforms) = preSolution
		Debug|Any CPU = Debug|Any CPU
		Release|Any CPU = Release|Any CPU
	EndGlobalSection
	GlobalSection(ProjectConfigurationPlatforms) = postSolution
		{8591168D-5424-43DE-9AF4-1B9C3032DFBD}.Debug|Any CPU.ActiveCfg = Debug|Any CPU
		{8591168D-5424-43DE-9AF4-1B9C3032DFBD}.Debug|Any CPU.Build.0 = Debug|Any CPU
		{8591168D-5424-43DE-9AF4-1B9C3032DFBD}.Release|Any CPU.ActiveCfg = Release|Any CPU
		{8591168D-5424-43DE-9AF4-1B9C3032DFBD}.Release|Any CPU.Build.0 = Release|Any CPU
	EndGlobalSection
	GlobalSection(SolutionProperties) = preSolution
		HideSolutionNode = FALSE
	EndGlobalSection
	GlobalSection(ExtensibilityGlobals) = postSolution
		SolutionGuid = {33743079-7F04-4E36-B4D6-5147CAA5CDF5}
	EndGlobalSection
EndGlobal
